
Microsoft Visual Studio Solution File, Format Version 12.00
# Visual Studio Version 17
VisualStudioVersion = 17.5.002.0
MinimumVisualStudioVersion = 10.0.40219.1
Project("{9A19103F-16F7-4668-BE54-9A1E7A4F7556}") = "miser", "src\miser.csproj", "{334BCCBA-BE13-419D-BB84-4B5041A7C54F}"
EndProject
Project("{FAE04EC0-301F-11D3-BF4B-00C04F79EFBC}") = "miser-tests", "tests\miser-tests.csproj", "{365F11AF-7E4A-4467-8CBC-53CD04B302E5}"
EndProject
Global
	GlobalSection(SolutionConfigurationPlatforms) = preSolution
		Debug|Any CPU = Debug|Any CPU
		Release|Any CPU = Release|Any CPU
	EndGlobalSection
	GlobalSection(ProjectConfigurationPlatforms) = postSolution
		{334BCCBA-BE13-419D-BB84-4B5041A7C54F}.Debug|Any CPU.ActiveCfg = Debug|Any CPU
		{334BCCBA-BE13-419D-BB84-4B5041A7C54F}.Debug|Any CPU.Build.0 = Debug|Any CPU
		{334BCCBA-BE13-419D-BB84-4B5041A7C54F}.Release|Any CPU.ActiveCfg = Release|Any CPU
		{334BCCBA-BE13-419D-BB84-4B5041A7C54F}.Release|Any CPU.Build.0 = Release|Any CPU
		{365F11AF-7E4A-4467-8CBC-53CD04B302E5}.Debug|Any CPU.ActiveCfg = Debug|Any CPU
		{365F11AF-7E4A-4467-8CBC-53CD04B302E5}.Debug|Any CPU.Build.0 = Debug|Any CPU
		{365F11AF-7E4A-4467-8CBC-53CD04B302E5}.Release|Any CPU.ActiveCfg = Release|Any CPU
		{365F11AF-7E4A-4467-8CBC-53CD04B302E5}.Release|Any CPU.Build.0 = Release|Any CPU
	EndGlobalSection
	GlobalSection(SolutionProperties) = preSolution
		HideSolutionNode = FALSE
	EndGlobalSection
	GlobalSection(ExtensibilityGlobals) = postSolution
		SolutionGuid = {51375A28-F069-437E-A1E3-2C8A397890C7}
	EndGlobalSection
EndGlobal
